
Microsoft Visual Studio Solution File, Format Version 12.00
# Visual Studio 15
VisualStudioVersion = 15.0.28307.438
MinimumVisualStudioVersion = 10.0.40219.1
Project("{FAE04EC0-301F-11D3-BF4B-00C04F79EFBC}") = "WinAppDriver.AcceptanceTests", "WinAppDriver.AcceptanceTests\WinAppDriver.AcceptanceTests.csproj", "{045B6C03-C1B2-474E-8845-21C7F70C086F}"
EndProject
Global
	GlobalSection(SolutionConfigurationPlatforms) = preSolution
		Debug|Any CPU = Debug|Any CPU
		Release|Any CPU = Release|Any CPU
	EndGlobalSection
	GlobalSection(ProjectConfigurationPlatforms) = postSolution
		{045B6C03-C1B2-474E-8845-21C7F70C086F}.Debug|Any CPU.ActiveCfg = Debug|Any CPU
		{045B6C03-C1B2-474E-8845-21C7F70C086F}.Debug|Any CPU.Build.0 = Debug|Any CPU
		{045B6C03-C1B2-474E-8845-21C7F70C086F}.Release|Any CPU.ActiveCfg = Release|Any CPU
		{045B6C03-C1B2-474E-8845-21C7F70C086F}.Release|Any CPU.Build.0 = Release|Any CPU
	EndGlobalSection
	GlobalSection(SolutionProperties) = preSolution
		HideSolutionNode = FALSE
	EndGlobalSection
	GlobalSection(ExtensibilityGlobals) = postSolution
		SolutionGuid = {2824D667-EDD7-4A98-B812-2961DDDEF4C4}
	EndGlobalSection
EndGlobal
